# This file is automatically @generated by Cargo.
# It is not intended for manual editing.
version = 4

[[package]]
name = "compare-t4d-shadow"
version = "0.1.0"
dependencies = [
 "soul-algo-tie",
 "t4d-shadow",
]

[[package]]
name = "soul-algo-tie"
version = "0.3.0"

[[package]]
name = "t4d-shadow"
version = "0.1.0"
